
Microsoft Visual Studio Solution File, Format Version 12.00
# Visual Studio Version 17
VisualStudioVersion = 17.0.31903.59
MinimumVisualStudioVersion = 10.0.40219.1
Project("{FAE04EC0-301F-11D3-BF4B-00C04F79EFBC}") = "API", "API\API.csproj", "{252DA2F2-A93B-465E-A08B-D8D9F78A2751}"
EndProject
Project("{FAE04EC0-301F-11D3-BF4B-00C04F79EFBC}") = "Core", "Core\Core.csproj", "{C797E07C-54E3-45D3-9E94-4036F50BE584}"
EndProject
Project("{FAE04EC0-301F-11D3-BF4B-00C04F79EFBC}") = "Infrastructure", "Infrastructure\Infrastructure.csproj", "{19EA7773-09D3-4AE2-BD38-45B508D762BA}"
EndProject
Global
	GlobalSection(SolutionConfigurationPlatforms) = preSolution
		Debug|Any CPU = Debug|Any CPU
		Release|Any CPU = Release|Any CPU
	EndGlobalSection
	GlobalSection(SolutionProperties) = preSolution
		HideSolutionNode = FALSE
	EndGlobalSection
	GlobalSection(ProjectConfigurationPlatforms) = postSolution
		{252DA2F2-A93B-465E-A08B-D8D9F78A2751}.Debug|Any CPU.ActiveCfg = Debug|Any CPU
		{252DA2F2-A93B-465E-A08B-D8D9F78A2751}.Debug|Any CPU.Build.0 = Debug|Any CPU
		{252DA2F2-A93B-465E-A08B-D8D9F78A2751}.Release|Any CPU.ActiveCfg = Release|Any CPU
		{252DA2F2-A93B-465E-A08B-D8D9F78A2751}.Release|Any CPU.Build.0 = Release|Any CPU
		{C797E07C-54E3-45D3-9E94-4036F50BE584}.Debug|Any CPU.ActiveCfg = Debug|Any CPU
		{C797E07C-54E3-45D3-9E94-4036F50BE584}.Debug|Any CPU.Build.0 = Debug|Any CPU
		{C797E07C-54E3-45D3-9E94-4036F50BE584}.Release|Any CPU.ActiveCfg = Release|Any CPU
		{C797E07C-54E3-45D3-9E94-4036F50BE584}.Release|Any CPU.Build.0 = Release|Any CPU
		{19EA7773-09D3-4AE2-BD38-45B508D762BA}.Debug|Any CPU.ActiveCfg = Debug|Any CPU
		{19EA7773-09D3-4AE2-BD38-45B508D762BA}.Debug|Any CPU.Build.0 = Debug|Any CPU
		{19EA7773-09D3-4AE2-BD38-45B508D762BA}.Release|Any CPU.ActiveCfg = Release|Any CPU
		{19EA7773-09D3-4AE2-BD38-45B508D762BA}.Release|Any CPU.Build.0 = Release|Any CPU
	EndGlobalSection
EndGlobal
